
Microsoft Visual Studio Solution File, Format Version 12.00
# Visual Studio Version 16
VisualStudioVersion = 16.0.30104.148
MinimumVisualStudioVersion = 10.0.40219.1
Project("{FAE04EC0-301F-11D3-BF4B-00C04F79EFBC}") = "JCB-NET", "JCB-NET\JCB-NET.csproj", "{F4E0C4B1-77D0-46A4-8321-264726CCA267}"
EndProject
Global
	GlobalSection(SolutionConfigurationPlatforms) = preSolution
		Debug|Any CPU = Debug|Any CPU
		Release|Any CPU = Release|Any CPU
	EndGlobalSection
	GlobalSection(ProjectConfigurationPlatforms) = postSolution
		{F4E0C4B1-77D0-46A4-8321-264726CCA267}.Debug|Any CPU.ActiveCfg = Debug|Any CPU
		{F4E0C4B1-77D0-46A4-8321-264726CCA267}.Debug|Any CPU.Build.0 = Debug|Any CPU
		{F4E0C4B1-77D0-46A4-8321-264726CCA267}.Release|Any CPU.ActiveCfg = Release|Any CPU
		{F4E0C4B1-77D0-46A4-8321-264726CCA267}.Release|Any CPU.Build.0 = Release|Any CPU
	EndGlobalSection
	GlobalSection(SolutionProperties) = preSolution
		HideSolutionNode = FALSE
	EndGlobalSection
	GlobalSection(ExtensibilityGlobals) = postSolution
		SolutionGuid = {38F16203-15A0-4052-86CD-504B36A04627}
	EndGlobalSection
EndGlobal
